// !$*UTF8*$!
{
	archiveVersion = 1;
	classes = {
	};
	objectVersion = 55;
	objects = {

/* Begin PBXBuildFile section */
		20089E52276A3D2400EDA42B /* CarOwner.swift in Sources */ = {isa = PBXBuildFile; fileRef = 20089E51276A3D2400EDA42B /* CarOwner.swift */; };
		20089E55276B32EA00EDA42B /* CarsCell.swift in Sources */ = {isa = PBXBuildFile; fileRef = 20089E53276B32E900EDA42B /* CarsCell.swift */; };
		20089E56276B32EA00EDA42B /* CarsCell.xib in Resources */ = {isa = PBXBuildFile; fileRef = 20089E54276B32E900EDA42B /* CarsCell.xib */; };
		20089E58276B4D4100EDA42B /* DashboardViewModel.swift in Sources */ = {isa = PBXBuildFile; fileRef = 20089E57276B4D4100EDA42B /* DashboardViewModel.swift */; };
		20089E5A276B7DA100EDA42B /* CarDetailsViewController.swift in Sources */ = {isa = PBXBuildFile; fileRef = 20089E59276B7DA100EDA42B /* CarDetailsViewController.swift */; };
		20089E5C276B95CD00EDA42B /* Order.swift in Sources */ = {isa = PBXBuildFile; fileRef = 20089E5B276B95CD00EDA42B /* Order.swift */; };
		20089E5F276CD95200EDA42B /* OrdersCell.swift in Sources */ = {isa = PBXBuildFile; fileRef = 20089E5D276CD95200EDA42B /* OrdersCell.swift */; };
		20089E60276CD95200EDA42B /* OrdersCell.xib in Resources */ = {isa = PBXBuildFile; fileRef = 20089E5E276CD95200EDA42B /* OrdersCell.xib */; };
		20089E63276CFA2200EDA42B /* CarsCell2.swift in Sources */ = {isa = PBXBuildFile; fileRef = 20089E61276CFA2200EDA42B /* CarsCell2.swift */; };
		20089E64276CFA2200EDA42B /* CarsCell2.xib in Resources */ = {isa = PBXBuildFile; fileRef = 20089E62276CFA2200EDA42B /* CarsCell2.xib */; };
		20089E66276D110300EDA42B /* OrdersViewController.swift in Sources */ = {isa = PBXBuildFile; fileRef = 20089E65276D110300EDA42B /* OrdersViewController.swift */; };
		20089E68276D188700EDA42B /* OrdersViewModel.swift in Sources */ = {isa = PBXBuildFile; fileRef = 20089E67276D188700EDA42B /* OrdersViewModel.swift */; };
		20089E6A276E5C6E00EDA42B /* Request.swift in Sources */ = {isa = PBXBuildFile; fileRef = 20089E69276E5C6E00EDA42B /* Request.swift */; };
		20089E6D276E651100EDA42B /* RequestsCell.swift in Sources */ = {isa = PBXBuildFile; fileRef = 20089E6B276E651100EDA42B /* RequestsCell.swift */; };
		20089E6E276E651100EDA42B /* RequestsCell.xib in Resources */ = {isa = PBXBuildFile; fileRef = 20089E6C276E651100EDA42B /* RequestsCell.xib */; };
		201BFBB7276100AC0058C974 /* AppDelegate.swift in Sources */ = {isa = PBXBuildFile; fileRef = 201BFBB6276100AC0058C974 /* AppDelegate.swift */; };
		201BFBB9276100AC0058C974 /* SceneDelegate.swift in Sources */ = {isa = PBXBuildFile; fileRef = 201BFBB8276100AC0058C974 /* SceneDelegate.swift */; };
		201BFBBB276100AC0058C974 /* LoginViewController.swift in Sources */ = {isa = PBXBuildFile; fileRef = 201BFBBA276100AC0058C974 /* LoginViewController.swift */; };
		201BFBBE276100AC0058C974 /* Main.storyboard in Resources */ = {isa = PBXBuildFile; fileRef = 201BFBBC276100AC0058C974 /* Main.storyboard */; };
		201BFBC0276100B00058C974 /* Assets.xcassets in Resources */ = {isa = PBXBuildFile; fileRef = 201BFBBF276100B00058C974 /* Assets.xcassets */; };
		201BFBC3276100B00058C974 /* LaunchScreen.storyboard in Resources */ = {isa = PBXBuildFile; fileRef = 201BFBC1276100B00058C974 /* LaunchScreen.storyboard */; };
		201BFBCB2761018C0058C974 /* GoogleService-Info.plist in Resources */ = {isa = PBXBuildFile; fileRef = 201BFBCA2761018C0058C974 /* GoogleService-Info.plist */; };
		204DC3832770F57500539487 /* OrderDetailsView.swift in Sources */ = {isa = PBXBuildFile; fileRef = 204DC3822770F57400539487 /* OrderDetailsView.swift */; };
		204DC3852770F58E00539487 /* OrderDetailsView.xib in Resources */ = {isa = PBXBuildFile; fileRef = 204DC3842770F58E00539487 /* OrderDetailsView.xib */; };
		204DC3872771004000539487 /* Date+Ext.swift in Sources */ = {isa = PBXBuildFile; fileRef = 204DC3862771004000539487 /* Date+Ext.swift */; };
		204DC3892771048200539487 /* OrderDetailsViewController.swift in Sources */ = {isa = PBXBuildFile; fileRef = 204DC3882771048200539487 /* OrderDetailsViewController.swift */; };
		206F274A2766110A000F51A7 /* Localizable.strings in Resources */ = {isa = PBXBuildFile; fileRef = 206F274C2766110A000F51A7 /* Localizable.strings */; };
		206F274F27665BF6000F51A7 /* Admin.swift in Sources */ = {isa = PBXBuildFile; fileRef = 206F274E27665BF6000F51A7 /* Admin.swift */; };
		206F275127665D80000F51A7 /* RequestsViewController.swift in Sources */ = {isa = PBXBuildFile; fileRef = 206F275027665D80000F51A7 /* RequestsViewController.swift */; };
		206F275327665DF5000F51A7 /* RequestsViewModel.swift in Sources */ = {isa = PBXBuildFile; fileRef = 206F275227665DF5000F51A7 /* RequestsViewModel.swift */; };
		206F275527666264000F51A7 /* FirebaseDBManager.swift in Sources */ = {isa = PBXBuildFile; fileRef = 206F275427666264000F51A7 /* FirebaseDBManager.swift */; };
		20BDBB6C27610864001D7822 /* FirebaseAuthManager.swift in Sources */ = {isa = PBXBuildFile; fileRef = 20BDBB6B27610864001D7822 /* FirebaseAuthManager.swift */; };
		20BDBB6F27611079001D7822 /* LoginViewModel.swift in Sources */ = {isa = PBXBuildFile; fileRef = 20BDBB6E27611079001D7822 /* LoginViewModel.swift */; };
		20BDBB7927613404001D7822 /* CoffeeGOTests.swift in Sources */ = {isa = PBXBuildFile; fileRef = 20BDBB7827613404001D7822 /* CoffeeGOTests.swift */; };
		20BDBB8027613546001D7822 /* RegisterViewModel.swift in Sources */ = {isa = PBXBuildFile; fileRef = 20BDBB7F27613546001D7822 /* RegisterViewModel.swift */; };
		20BDBB82276138AF001D7822 /* RegisterViewController.swift in Sources */ = {isa = PBXBuildFile; fileRef = 20BDBB81276138AF001D7822 /* RegisterViewController.swift */; };
		20BDBB8627622DF7001D7822 /* Constants.swift in Sources */ = {isa = PBXBuildFile; fileRef = 20BDBB8527622DF7001D7822 /* Constants.swift */; };
		20F87CDB27649F060049FF35 /* CGTextField.swift in Sources */ = {isa = PBXBuildFile; fileRef = 20F87CDA27649F060049FF35 /* CGTextField.swift */; };
		20F87CDD2764A6180049FF35 /* Dashboard.storyboard in Resources */ = {isa = PBXBuildFile; fileRef = 20F87CDC2764A6180049FF35 /* Dashboard.storyboard */; };
		20F87CE22764A7A10049FF35 /* DashboardViewController.swift in Sources */ = {isa = PBXBuildFile; fileRef = 20F87CE12764A7A10049FF35 /* DashboardViewController.swift */; };
		20F87CE42764E0840049FF35 /* CGButton.swift in Sources */ = {isa = PBXBuildFile; fileRef = 20F87CE32764E0840049FF35 /* CGButton.swift */; };
		20FA615E2767ADD800E5E740 /* AdminSettingsViewController.swift in Sources */ = {isa = PBXBuildFile; fileRef = 20FA615D2767ADD800E5E740 /* AdminSettingsViewController.swift */; };
		20FA61602768AE1000E5E740 /* AddAdminViewController.swift in Sources */ = {isa = PBXBuildFile; fileRef = 20FA615F2768AE1000E5E740 /* AddAdminViewController.swift */; };
		20FA61632769E88700E5E740 /* String+Ext.swift in Sources */ = {isa = PBXBuildFile; fileRef = 20FA61622769E88700E5E740 /* String+Ext.swift */; };
		20FA61652769E89D00E5E740 /* ViewController+Ext.swift in Sources */ = {isa = PBXBuildFile; fileRef = 20FA61642769E89C00E5E740 /* ViewController+Ext.swift */; };
		22C62992BE20EC61D546CD13 /* Pods_CoffeeGO.framework in Frameworks */ = {isa = PBXBuildFile; fileRef = 18ED16EC2F85A86301FB8D40 /* Pods_CoffeeGO.framework */; };
/* End PBXBuildFile section */

/* Begin PBXContainerItemProxy section */
		20BDBB7A27613404001D7822 /* PBXContainerItemProxy */ = {
			isa = PBXContainerItemProxy;
			containerPortal = 201BFBAB276100AC0058C974 /* Project object */;
			proxyType = 1;
			remoteGlobalIDString = 201BFBB2276100AC0058C974;
			remoteInfo = CoffeeGO;
		};
/* End PBXContainerItemProxy section */

/* Begin PBXFileReference section */
		18ED16EC2F85A86301FB8D40 /* Pods_CoffeeGO.framework */ = {isa = PBXFileReference; explicitFileType = wrapper.framework; includeInIndex = 0; path = Pods_CoffeeGO.framework; sourceTree = BUILT_PRODUCTS_DIR; };
		20089E51276A3D2400EDA42B /* CarOwner.swift */ = {isa = PBXFileReference; lastKnownFileType = sourcecode.swift; path = CarOwner.swift; sourceTree = "<group>"; };
		20089E53276B32E900EDA42B /* CarsCell.swift */ = {isa = PBXFileReference; lastKnownFileType = sourcecode.swift; path = CarsCell.swift; sourceTree = "<group>"; };
		20089E54276B32E900EDA42B /* CarsCell.xib */ = {isa = PBXFileReference; lastKnownFileType = file.xib; path = CarsCell.xib; sourceTree = "<group>"; };
		20089E57276B4D4100EDA42B /* DashboardViewModel.swift */ = {isa = PBXFileReference; lastKnownFileType = sourcecode.swift; path = DashboardViewModel.swift; sourceTree = "<group>"; };
		20089E59276B7DA100EDA42B /* CarDetailsViewController.swift */ = {isa = PBXFileReference; lastKnownFileType = sourcecode.swift; path = CarDetailsViewController.swift; sourceTree = "<group>"; };
		20089E5B276B95CD00EDA42B /* Order.swift */ = {isa = PBXFileReference; lastKnownFileType = sourcecode.swift; path = Order.swift; sourceTree = "<group>"; };
		20089E5D276CD95200EDA42B /* OrdersCell.swift */ = {isa = PBXFileReference; lastKnownFileType = sourcecode.swift; path = OrdersCell.swift; sourceTree = "<group>"; };
		20089E5E276CD95200EDA42B /* OrdersCell.xib */ = {isa = PBXFileReference; lastKnownFileType = file.xib; path = OrdersCell.xib; sourceTree = "<group>"; };
		20089E61276CFA2200EDA42B /* CarsCell2.swift */ = {isa = PBXFileReference; lastKnownFileType = sourcecode.swift; path = CarsCell2.swift; sourceTree = "<group>"; };
		20089E62276CFA2200EDA42B /* CarsCell2.xib */ = {isa = PBXFileReference; lastKnownFileType = file.xib; path = CarsCell2.xib; sourceTree = "<group>"; };
		20089E65276D110300EDA42B /* OrdersViewController.swift */ = {isa = PBXFileReference; lastKnownFileType = sourcecode.swift; path = OrdersViewController.swift; sourceTree = "<group>"; };
		20089E67276D188700EDA42B /* OrdersViewModel.swift */ = {isa = PBXFileReference; lastKnownFileType = sourcecode.swift; path = OrdersViewModel.swift; sourceTree = "<group>"; };
		20089E69276E5C6E00EDA42B /* Request.swift */ = {isa = PBXFileReference; lastKnownFileType = sourcecode.swift; path = Request.swift; sourceTree = "<group>"; };
		20089E6B276E651100EDA42B /* RequestsCell.swift */ = {isa = PBXFileReference; lastKnownFileType = sourcecode.swift; path = RequestsCell.swift; sourceTree = "<group>"; };
		20089E6C276E651100EDA42B /* RequestsCell.xib */ = {isa = PBXFileReference; lastKnownFileType = file.xib; path = RequestsCell.xib; sourceTree = "<group>"; };
		201BFBB3276100AC0058C974 /* CoffeeGO.app */ = {isa = PBXFileReference; explicitFileType = wrapper.application; includeInIndex = 0; path = CoffeeGO.app; sourceTree = BUILT_PRODUCTS_DIR; };
		201BFBB6276100AC0058C974 /* AppDelegate.swift */ = {isa = PBXFileReference; lastKnownFileType = sourcecode.swift; path = AppDelegate.swift; sourceTree = "<group>"; };
		201BFBB8276100AC0058C974 /* SceneDelegate.swift */ = {isa = PBXFileReference; lastKnownFileType = sourcecode.swift; path = SceneDelegate.swift; sourceTree = "<group>"; };
		201BFBBA276100AC0058C974 /* LoginViewController.swift */ = {isa = PBXFileReference; lastKnownFileType = sourcecode.swift; path = LoginViewController.swift; sourceTree = "<group>"; };
		201BFBBD276100AC0058C974 /* Base */ = {isa = PBXFileReference; lastKnownFileType = file.storyboard; name = Base; path = Base.lproj/Main.storyboard; sourceTree = "<group>"; };
		201BFBBF276100B00058C974 /* Assets.xcassets */ = {isa = PBXFileReference; lastKnownFileType = folder.assetcatalog; path = Assets.xcassets; sourceTree = "<group>"; };
		201BFBC2276100B00058C974 /* Base */ = {isa = PBXFileReference; lastKnownFileType = file.storyboard; name = Base; path = Base.lproj/LaunchScreen.storyboard; sourceTree = "<group>"; };
		201BFBC4276100B00058C974 /* Info.plist */ = {isa = PBXFileReference; lastKnownFileType = text.plist.xml; path = Info.plist; sourceTree = "<group>"; };
		201BFBCA2761018C0058C974 /* GoogleService-Info.plist */ = {isa = PBXFileReference; fileEncoding = 4; lastKnownFileType = text.plist.xml; path = "GoogleService-Info.plist"; sourceTree = "<group>"; };
		204DC3822770F57400539487 /* OrderDetailsView.swift */ = {isa = PBXFileReference; lastKnownFileType = sourcecode.swift; path = OrderDetailsView.swift; sourceTree = "<group>"; };
		204DC3842770F58E00539487 /* OrderDetailsView.xib */ = {isa = PBXFileReference; lastKnownFileType = file.xib; path = OrderDetailsView.xib; sourceTree = "<group>"; };
		204DC3862771004000539487 /* Date+Ext.swift */ = {isa = PBXFileReference; lastKnownFileType = sourcecode.swift; path = "Date+Ext.swift"; sourceTree = "<group>"; };
		204DC3882771048200539487 /* OrderDetailsViewController.swift */ = {isa = PBXFileReference; lastKnownFileType = sourcecode.swift; path = OrderDetailsViewController.swift; sourceTree = "<group>"; };
		206F2747276610E9000F51A7 /* ar */ = {isa = PBXFileReference; lastKnownFileType = text.plist.strings; name = ar; path = ar.lproj/Main.strings; sourceTree = "<group>"; };
		206F274B2766110A000F51A7 /* en */ = {isa = PBXFileReference; lastKnownFileType = text.plist.strings; name = en; path = en.lproj/Localizable.strings; sourceTree = "<group>"; };
		206F274D2766110D000F51A7 /* ar */ = {isa = PBXFileReference; lastKnownFileType = text.plist.strings; name = ar; path = ar.lproj/Localizable.strings; sourceTree = "<group>"; };
		206F274E27665BF6000F51A7 /* Admin.swift */ = {isa = PBXFileReference; lastKnownFileType = sourcecode.swift; path = Admin.swift; sourceTree = "<group>"; };
		206F275027665D80000F51A7 /* RequestsViewController.swift */ = {isa = PBXFileReference; lastKnownFileType = sourcecode.swift; path = RequestsViewController.swift; sourceTree = "<group>"; };
		206F275227665DF5000F51A7 /* RequestsViewModel.swift */ = {isa = PBXFileReference; lastKnownFileType = sourcecode.swift; path = RequestsViewModel.swift; sourceTree = "<group>"; };
		206F275427666264000F51A7 /* FirebaseDBManager.swift */ = {isa = PBXFileReference; lastKnownFileType = sourcecode.swift; path = FirebaseDBManager.swift; sourceTree = "<group>"; };
		20BDBB6B27610864001D7822 /* FirebaseAuthManager.swift */ = {isa = PBXFileReference; lastKnownFileType = sourcecode.swift; path = FirebaseAuthManager.swift; sourceTree = "<group>"; };
		20BDBB6E27611079001D7822 /* LoginViewModel.swift */ = {isa = PBXFileReference; lastKnownFileType = sourcecode.swift; path = LoginViewModel.swift; sourceTree = "<group>"; };
		20BDBB7627613404001D7822 /* CoffeeGOTests.xctest */ = {isa = PBXFileReference; explicitFileType = wrapper.cfbundle; includeInIndex = 0; path = CoffeeGOTests.xctest; sourceTree = BUILT_PRODUCTS_DIR; };
		20BDBB7827613404001D7822 /* CoffeeGOTests.swift */ = {isa = PBXFileReference; lastKnownFileType = sourcecode.swift; path = CoffeeGOTests.swift; sourceTree = "<group>"; };
		20BDBB7F27613546001D7822 /* RegisterViewModel.swift */ = {isa = PBXFileReference; lastKnownFileType = sourcecode.swift; path = RegisterViewModel.swift; sourceTree = "<group>"; };
		20BDBB81276138AF001D7822 /* RegisterViewController.swift */ = {isa = PBXFileReference; lastKnownFileType = sourcecode.swift; path = RegisterViewController.swift; sourceTree = "<group>"; };
		20BDBB8527622DF7001D7822 /* Constants.swift */ = {isa = PBXFileReference; lastKnownFileType = sourcecode.swift; path = Constants.swift; sourceTree = "<group>"; };
		20F87CDA27649F060049FF35 /* CGTextField.swift */ = {isa = PBXFileReference; lastKnownFileType = sourcecode.swift; path = CGTextField.swift; sourceTree = "<group>"; };
		20F87CDC2764A6180049FF35 /* Dashboard.storyboard */ = {isa = PBXFileReference; lastKnownFileType = file.storyboard; path = Dashboard.storyboard; sourceTree = "<group>"; };
		20F87CE12764A7A10049FF35 /* DashboardViewController.swift */ = {isa = PBXFileReference; lastKnownFileType = sourcecode.swift; path = DashboardViewController.swift; sourceTree = "<group>"; };
		20F87CE32764E0840049FF35 /* CGButton.swift */ = {isa = PBXFileReference; lastKnownFileType = sourcecode.swift; path = CGButton.swift; sourceTree = "<group>"; };
		20FA615D2767ADD800E5E740 /* AdminSettingsViewController.swift */ = {isa = PBXFileReference; lastKnownFileType = sourcecode.swift; path = AdminSettingsViewController.swift; sourceTree = "<group>"; };
		20FA615F2768AE1000E5E740 /* AddAdminViewController.swift */ = {isa = PBXFileReference; lastKnownFileType = sourcecode.swift; path = AddAdminViewController.swift; sourceTree = "<group>"; };
		20FA61622769E88700E5E740 /* String+Ext.swift */ = {isa = PBXFileReference; lastKnownFileType = sourcecode.swift; path = "String+Ext.swift"; sourceTree = "<group>"; };
		20FA61642769E89C00E5E740 /* ViewController+Ext.swift */ = {isa = PBXFileReference; lastKnownFileType = sourcecode.swift; path = "ViewController+Ext.swift"; sourceTree = "<group>"; };
		3F819AB5AED9B6C0A2F30BAA /* Pods-CoffeeGO.debug.xcconfig */ = {isa = PBXFileReference; includeInIndex = 1; lastKnownFileType = text.xcconfig; name = "Pods-CoffeeGO.debug.xcconfig"; path = "Target Support Files/Pods-CoffeeGO/Pods-CoffeeGO.debug.xcconfig"; sourceTree = "<group>"; };
		6E16732A284D63AD0D97C614 /* Pods-CoffeeGO.release.xcconfig */ = {isa = PBXFileReference; includeInIndex = 1; lastKnownFileType = text.xcconfig; name = "Pods-CoffeeGO.release.xcconfig"; path = "Target Support Files/Pods-CoffeeGO/Pods-CoffeeGO.release.xcconfig"; sourceTree = "<group>"; };
/* End PBXFileReference section */

/* Begin PBXFrameworksBuildPhase section */
		201BFBB0276100AC0058C974 /* Frameworks */ = {
			isa = PBXFrameworksBuildPhase;
			buildActionMask = 2147483647;
			files = (
				22C62992BE20EC61D546CD13 /* Pods_CoffeeGO.framework in Frameworks */,
			);
			runOnlyForDeploymentPostprocessing = 0;
		};
		20BDBB7327613404001D7822 /* Frameworks */ = {
			isa = PBXFrameworksBuildPhase;
			buildActionMask = 2147483647;
			files = (
			);
			runOnlyForDeploymentPostprocessing = 0;
		};
/* End PBXFrameworksBuildPhase section */

/* Begin PBXGroup section */
		201BFBAA276100AC0058C974 = {
			isa = PBXGroup;
			children = (
				201BFBB5276100AC0058C974 /* CoffeeGO */,
				20BDBB7727613404001D7822 /* CoffeeGOTests */,
				201BFBB4276100AC0058C974 /* Products */,
				87D31BC6E1632AEF5869261A /* Pods */,
				E56DBA87A779B7A77BAE4560 /* Frameworks */,
			);
			sourceTree = "<group>";
		};
		201BFBB4276100AC0058C974 /* Products */ = {
			isa = PBXGroup;
			children = (
				201BFBB3276100AC0058C974 /* CoffeeGO.app */,
				20BDBB7627613404001D7822 /* CoffeeGOTests.xctest */,
			);
			name = Products;
			sourceTree = "<group>";
		};
		201BFBB5276100AC0058C974 /* CoffeeGO */ = {
			isa = PBXGroup;
			children = (
				201BFBB6276100AC0058C974 /* AppDelegate.swift */,
				201BFBB8276100AC0058C974 /* SceneDelegate.swift */,
				20BDBB8527622DF7001D7822 /* Constants.swift */,
				20FA61612769E86F00E5E740 /* Extensions */,
				20BDBB6D27610BE1001D7822 /* Managers */,
				20BDBB682761067C001D7822 /* Model */,
				20BDBB6A27610696001D7822 /* View */,
				20BDBB6927610688001D7822 /* ViewModel */,
				201BFBBF276100B00058C974 /* Assets.xcassets */,
				201BFBC4276100B00058C974 /* Info.plist */,
				201BFBCA2761018C0058C974 /* GoogleService-Info.plist */,
				206F274C2766110A000F51A7 /* Localizable.strings */,
			);
			path = CoffeeGO;
			sourceTree = "<group>";
		};
		20BDBB682761067C001D7822 /* Model */ = {
			isa = PBXGroup;
			children = (
				206F274E27665BF6000F51A7 /* Admin.swift */,
				20089E51276A3D2400EDA42B /* CarOwner.swift */,
				20089E5B276B95CD00EDA42B /* Order.swift */,
				20089E69276E5C6E00EDA42B /* Request.swift */,
			);
			path = Model;
			sourceTree = "<group>";
		};
		20BDBB6927610688001D7822 /* ViewModel */ = {
			isa = PBXGroup;
			children = (
				20BDBB6E27611079001D7822 /* LoginViewModel.swift */,
				20BDBB7F27613546001D7822 /* RegisterViewModel.swift */,
				20089E57276B4D4100EDA42B /* DashboardViewModel.swift */,
				206F275227665DF5000F51A7 /* RequestsViewModel.swift */,
				20089E67276D188700EDA42B /* OrdersViewModel.swift */,
			);
			path = ViewModel;
			sourceTree = "<group>";
		};
		20BDBB6A27610696001D7822 /* View */ = {
			isa = PBXGroup;
			children = (
				201BFBC1276100B00058C974 /* LaunchScreen.storyboard */,
				20F87CDF2764A71D0049FF35 /* Custom Views */,
				20F87CDE2764A64E0049FF35 /* Authentication VCs */,
				20F87CE02764A7370049FF35 /* Dashboard VCs */,
			);
			path = View;
			sourceTree = "<group>";
		};
		20BDBB6D27610BE1001D7822 /* Managers */ = {
			isa = PBXGroup;
			children = (
				20BDBB6B27610864001D7822 /* FirebaseAuthManager.swift */,
				206F275427666264000F51A7 /* FirebaseDBManager.swift */,
			);
			path = Managers;
			sourceTree = "<group>";
		};
		20BDBB7727613404001D7822 /* CoffeeGOTests */ = {
			isa = PBXGroup;
			children = (
				20BDBB7827613404001D7822 /* CoffeeGOTests.swift */,
			);
			path = CoffeeGOTests;
			sourceTree = "<group>";
		};
		20F87CDE2764A64E0049FF35 /* Authentication VCs */ = {
			isa = PBXGroup;
			children = (
				201BFBBC276100AC0058C974 /* Main.storyboard */,
				201BFBBA276100AC0058C974 /* LoginViewController.swift */,
				20BDBB81276138AF001D7822 /* RegisterViewController.swift */,
			);
			path = "Authentication VCs";
			sourceTree = "<group>";
		};
		20F87CDF2764A71D0049FF35 /* Custom Views */ = {
			isa = PBXGroup;
			children = (
				20F87CDA27649F060049FF35 /* CGTextField.swift */,
				20F87CE32764E0840049FF35 /* CGButton.swift */,
				20089E53276B32E900EDA42B /* CarsCell.swift */,
				20089E54276B32E900EDA42B /* CarsCell.xib */,
				20089E5D276CD95200EDA42B /* OrdersCell.swift */,
				20089E5E276CD95200EDA42B /* OrdersCell.xib */,
				20089E61276CFA2200EDA42B /* CarsCell2.swift */,
				20089E62276CFA2200EDA42B /* CarsCell2.xib */,
				20089E6B276E651100EDA42B /* RequestsCell.swift */,
				20089E6C276E651100EDA42B /* RequestsCell.xib */,
				204DC3822770F57400539487 /* OrderDetailsView.swift */,
				204DC3842770F58E00539487 /* OrderDetailsView.xib */,
			);
			path = "Custom Views";
			sourceTree = "<group>";
		};
		20F87CE02764A7370049FF35 /* Dashboard VCs */ = {
			isa = PBXGroup;
			children = (
				20F87CDC2764A6180049FF35 /* Dashboard.storyboard */,
				20F87CE12764A7A10049FF35 /* DashboardViewController.swift */,
				20089E59276B7DA100EDA42B /* CarDetailsViewController.swift */,
				20089E65276D110300EDA42B /* OrdersViewController.swift */,
				204DC3882771048200539487 /* OrderDetailsViewController.swift */,
				206F275027665D80000F51A7 /* RequestsViewController.swift */,
				20FA615D2767ADD800E5E740 /* AdminSettingsViewController.swift */,
				20FA615F2768AE1000E5E740 /* AddAdminViewController.swift */,
			);
			path = "Dashboard VCs";
			sourceTree = "<group>";
		};
		20FA61612769E86F00E5E740 /* Extensions */ = {
			isa = PBXGroup;
			children = (
				20FA61622769E88700E5E740 /* String+Ext.swift */,
				20FA61642769E89C00E5E740 /* ViewController+Ext.swift */,
				204DC3862771004000539487 /* Date+Ext.swift */,
			);
			path = Extensions;
			sourceTree = "<group>";
		};
		87D31BC6E1632AEF5869261A /* Pods */ = {
			isa = PBXGroup;
			children = (
				3F819AB5AED9B6C0A2F30BAA /* Pods-CoffeeGO.debug.xcconfig */,
				6E16732A284D63AD0D97C614 /* Pods-CoffeeGO.release.xcconfig */,
			);
			path = Pods;
			sourceTree = "<group>";
		};
		E56DBA87A779B7A77BAE4560 /* Frameworks */ = {
			isa = PBXGroup;
			children = (
				18ED16EC2F85A86301FB8D40 /* Pods_CoffeeGO.framework */,
			);
			name = Frameworks;
			sourceTree = "<group>";
		};
/* End PBXGroup section */

/* Begin PBXNativeTarget section */
		201BFBB2276100AC0058C974 /* CoffeeGO */ = {
			isa = PBXNativeTarget;
			buildConfigurationList = 201BFBC7276100B00058C974 /* Build configuration list for PBXNativeTarget "CoffeeGO" */;
			buildPhases = (
				5ABC69AFC0E8B1CA630BD72D /* [CP] Check Pods Manifest.lock */,
				201BFBAF276100AC0058C974 /* Sources */,
				201BFBB0276100AC0058C974 /* Frameworks */,
				201BFBB1276100AC0058C974 /* Resources */,
				03692A8D28B13CF6217DD0F4 /* [CP] Embed Pods Frameworks */,
			);
			buildRules = (
			);
			dependencies = (
			);
			name = CoffeeGO;
			productName = CoffeeGO;
			productReference = 201BFBB3276100AC0058C974 /* CoffeeGO.app */;
			productType = "com.apple.product-type.application";
		};
		20BDBB7527613404001D7822 /* CoffeeGOTests */ = {
			isa = PBXNativeTarget;
			buildConfigurationList = 20BDBB7C27613404001D7822 /* Build configuration list for PBXNativeTarget "CoffeeGOTests" */;
			buildPhases = (
				20BDBB7227613404001D7822 /* Sources */,
				20BDBB7327613404001D7822 /* Frameworks */,
				20BDBB7427613404001D7822 /* Resources */,
			);
			buildRules = (
			);
			dependencies = (
				20BDBB7B27613404001D7822 /* PBXTargetDependency */,
			);
			name = CoffeeGOTests;
			productName = CoffeeGOTests;
			productReference = 20BDBB7627613404001D7822 /* CoffeeGOTests.xctest */;
			productType = "com.apple.product-type.bundle.unit-test";
		};
/* End PBXNativeTarget section */

/* Begin PBXProject section */
		201BFBAB276100AC0058C974 /* Project object */ = {
			isa = PBXProject;
			attributes = {
				BuildIndependentTargetsInParallel = 1;
				LastSwiftUpdateCheck = 1310;
				LastUpgradeCheck = 1310;
				TargetAttributes = {
					201BFBB2276100AC0058C974 = {
						CreatedOnToolsVersion = 13.1;
					};
					20BDBB7527613404001D7822 = {
						CreatedOnToolsVersion = 13.1;
						TestTargetID = 201BFBB2276100AC0058C974;
					};
				};
			};
			buildConfigurationList = 201BFBAE276100AC0058C974 /* Build configuration list for PBXProject "CoffeeGO" */;
			compatibilityVersion = "Xcode 13.0";
			developmentRegion = en;
			hasScannedForEncodings = 0;
			knownRegions = (
				en,
				Base,
				ar,
			);
			mainGroup = 201BFBAA276100AC0058C974;
			productRefGroup = 201BFBB4276100AC0058C974 /* Products */;
			projectDirPath = "";
			projectRoot = "";
			targets = (
				201BFBB2276100AC0058C974 /* CoffeeGO */,
				20BDBB7527613404001D7822 /* CoffeeGOTests */,
			);
		};
/* End PBXProject section */

/* Begin PBXResourcesBuildPhase section */
		201BFBB1276100AC0058C974 /* Resources */ = {
			isa = PBXResourcesBuildPhase;
			buildActionMask = 2147483647;
			files = (
				201BFBC3276100B00058C974 /* LaunchScreen.storyboard in Resources */,
				20089E64276CFA2200EDA42B /* CarsCell2.xib in Resources */,
				204DC3852770F58E00539487 /* OrderDetailsView.xib in Resources */,
				206F274A2766110A000F51A7 /* Localizable.strings in Resources */,
				20089E56276B32EA00EDA42B /* CarsCell.xib in Resources */,
				20F87CDD2764A6180049FF35 /* Dashboard.storyboard in Resources */,
				201BFBCB2761018C0058C974 /* GoogleService-Info.plist in Resources */,
				201BFBC0276100B00058C974 /* Assets.xcassets in Resources */,
				20089E60276CD95200EDA42B /* OrdersCell.xib in Resources */,
				201BFBBE276100AC0058C974 /* Main.storyboard in Resources */,
				20089E6E276E651100EDA42B /* RequestsCell.xib in Resources */,
			);
			runOnlyForDeploymentPostprocessing = 0;
		};
		20BDBB7427613404001D7822 /* Resources */ = {
			isa = PBXResourcesBuildPhase;
			buildActionMask = 2147483647;
			files = (
			);
			runOnlyForDeploymentPostprocessing = 0;
		};
/* End PBXResourcesBuildPhase section */

/* Begin PBXShellScriptBuildPhase section */
		03692A8D28B13CF6217DD0F4 /* [CP] Embed Pods Frameworks */ = {
			isa = PBXShellScriptBuildPhase;
			buildActionMask = 2147483647;
			files = (
			);
			inputFileListPaths = (
				"${PODS_ROOT}/Target Support Files/Pods-CoffeeGO/Pods-CoffeeGO-frameworks-${CONFIGURATION}-input-files.xcfilelist",
			);
			name = "[CP] Embed Pods Frameworks";
			outputFileListPaths = (
				"${PODS_ROOT}/Target Support Files/Pods-CoffeeGO/Pods-CoffeeGO-frameworks-${CONFIGURATION}-output-files.xcfilelist",
			);
			runOnlyForDeploymentPostprocessing = 0;
			shellPath = /bin/sh;
			shellScript = "\"${PODS_ROOT}/Target Support Files/Pods-CoffeeGO/Pods-CoffeeGO-frameworks.sh\"\n";
			showEnvVarsInLog = 0;
		};
		5ABC69AFC0E8B1CA630BD72D /* [CP] Check Pods Manifest.lock */ = {
			isa = PBXShellScriptBuildPhase;
			buildActionMask = 2147483647;
			files = (
			);
			inputFileListPaths = (
			);
			inputPaths = (
				"${PODS_PODFILE_DIR_PATH}/Podfile.lock",
				"${PODS_ROOT}/Manifest.lock",
			);
			name = "[CP] Check Pods Manifest.lock";
			outputFileListPaths = (
			);
			outputPaths = (
				"$(DERIVED_FILE_DIR)/Pods-CoffeeGO-checkManifestLockResult.txt",
			);
			runOnlyForDeploymentPostprocessing = 0;
			shellPath = /bin/sh;
			shellScript = "diff \"${PODS_PODFILE_DIR_PATH}/Podfile.lock\" \"${PODS_ROOT}/Manifest.lock\" > /dev/null\nif [ $? != 0 ] ; then\n    # print error to STDERR\n    echo \"error: The sandbox is not in sync with the Podfile.lock. Run 'pod install' or update your CocoaPods installation.\" >&2\n    exit 1\nfi\n# This output is used by Xcode 'outputs' to avoid re-running this script phase.\necho \"SUCCESS\" > \"${SCRIPT_OUTPUT_FILE_0}\"\n";
			showEnvVarsInLog = 0;
		};
/* End PBXShellScriptBuildPhase section */

/* Begin PBXSourcesBuildPhase section */
		201BFBAF276100AC0058C974 /* Sources */ = {
			isa = PBXSourcesBuildPhase;
			buildActionMask = 2147483647;
			files = (
				206F275327665DF5000F51A7 /* RequestsViewModel.swift in Sources */,
				201BFBBB276100AC0058C974 /* LoginViewController.swift in Sources */,
				20089E55276B32EA00EDA42B /* CarsCell.swift in Sources */,
				204DC3872771004000539487 /* Date+Ext.swift in Sources */,
				20BDBB8627622DF7001D7822 /* Constants.swift in Sources */,
				206F275127665D80000F51A7 /* RequestsViewController.swift in Sources */,
				206F275527666264000F51A7 /* FirebaseDBManager.swift in Sources */,
				20089E6A276E5C6E00EDA42B /* Request.swift in Sources */,
				20BDBB8027613546001D7822 /* RegisterViewModel.swift in Sources */,
				20FA615E2767ADD800E5E740 /* AdminSettingsViewController.swift in Sources */,
				204DC3832770F57500539487 /* OrderDetailsView.swift in Sources */,
				20BDBB82276138AF001D7822 /* RegisterViewController.swift in Sources */,
				201BFBB7276100AC0058C974 /* AppDelegate.swift in Sources */,
				206F274F27665BF6000F51A7 /* Admin.swift in Sources */,
				20089E5F276CD95200EDA42B /* OrdersCell.swift in Sources */,
				20BDBB6C27610864001D7822 /* FirebaseAuthManager.swift in Sources */,
				20F87CE42764E0840049FF35 /* CGButton.swift in Sources */,
				204DC3892771048200539487 /* OrderDetailsViewController.swift in Sources */,
				20089E6D276E651100EDA42B /* RequestsCell.swift in Sources */,
				20089E5A276B7DA100EDA42B /* CarDetailsViewController.swift in Sources */,
				20FA61632769E88700E5E740 /* String+Ext.swift in Sources */,
				20FA61652769E89D00E5E740 /* ViewController+Ext.swift in Sources */,
				20089E63276CFA2200EDA42B /* CarsCell2.swift in Sources */,
				20089E58276B4D4100EDA42B /* DashboardViewModel.swift in Sources */,
				20089E68276D188700EDA42B /* OrdersViewModel.swift in Sources */,
				20BDBB6F27611079001D7822 /* LoginViewModel.swift in Sources */,
				20089E5C276B95CD00EDA42B /* Order.swift in Sources */,
				201BFBB9276100AC0058C974 /* SceneDelegate.swift in Sources */,
				20089E66276D110300EDA42B /* OrdersViewController.swift in Sources */,
				20089E52276A3D2400EDA42B /* CarOwner.swift in Sources */,
				20F87CDB27649F060049FF35 /* CGTextField.swift in Sources */,
				20FA61602768AE1000E5E740 /* AddAdminViewController.swift in Sources */,
				20F87CE22764A7A10049FF35 /* DashboardViewController.swift in Sources */,
			);
			runOnlyForDeploymentPostprocessing = 0;
		};
		20BDBB7227613404001D7822 /* Sources */ = {
			isa = PBXSourcesBuildPhase;
			buildActionMask = 2147483647;
			files = (
				20BDBB7927613404001D7822 /* CoffeeGOTests.swift in Sources */,
			);
			runOnlyForDeploymentPostprocessing = 0;
		};
/* End PBXSourcesBuildPhase section */

/* Begin PBXTargetDependency section */
		20BDBB7B27613404001D7822 /* PBXTargetDependency */ = {
			isa = PBXTargetDependency;
			target = 201BFBB2276100AC0058C974 /* CoffeeGO */;
			targetProxy = 20BDBB7A27613404001D7822 /* PBXContainerItemProxy */;
		};
/* End PBXTargetDependency section */

/* Begin PBXVariantGroup section */
		201BFBBC276100AC0058C974 /* Main.storyboard */ = {
			isa = PBXVariantGroup;
			children = (
				201BFBBD276100AC0058C974 /* Base */,
				206F2747276610E9000F51A7 /* ar */,
			);
			name = Main.storyboard;
			sourceTree = "<group>";
		};
		201BFBC1276100B00058C974 /* LaunchScreen.storyboard */ = {
			isa = PBXVariantGroup;
			children = (
				201BFBC2276100B00058C974 /* Base */,
			);
			name = LaunchScreen.storyboard;
			sourceTree = "<group>";
		};
		206F274C2766110A000F51A7 /* Localizable.strings */ = {
			isa = PBXVariantGroup;
			children = (
				206F274B2766110A000F51A7 /* en */,
				206F274D2766110D000F51A7 /* ar */,
			);
			name = Localizable.strings;
			sourceTree = "<group>";
		};
/* End PBXVariantGroup section */

/* Begin XCBuildConfiguration section */
		201BFBC5276100B00058C974 /* Debug */ = {
			isa = XCBuildConfiguration;
			buildSettings = {
				ALWAYS_SEARCH_USER_PATHS = NO;
				CLANG_ANALYZER_LOCALIZABILITY_NONLOCALIZED = YES;
				CLANG_ANALYZER_NONNULL = YES;
				CLANG_ANALYZER_NUMBER_OBJECT_CONVERSION = YES_AGGRESSIVE;
				CLANG_CXX_LANGUAGE_STANDARD = "gnu++17";
				CLANG_CXX_LIBRARY = "libc++";
				CLANG_ENABLE_MODULES = YES;
				CLANG_ENABLE_OBJC_ARC = YES;
				CLANG_ENABLE_OBJC_WEAK = YES;
				CLANG_WARN_BLOCK_CAPTURE_AUTORELEASING = YES;
				CLANG_WARN_BOOL_CONVERSION = YES;
				CLANG_WARN_COMMA = YES;
				CLANG_WARN_CONSTANT_CONVERSION = YES;
				CLANG_WARN_DEPRECATED_OBJC_IMPLEMENTATIONS = YES;
				CLANG_WARN_DIRECT_OBJC_ISA_USAGE = YES_ERROR;
				CLANG_WARN_DOCUMENTATION_COMMENTS = YES;
				CLANG_WARN_EMPTY_BODY = YES;
				CLANG_WARN_ENUM_CONVERSION = YES;
				CLANG_WARN_INFINITE_RECURSION = YES;
				CLANG_WARN_INT_CONVERSION = YES;
				CLANG_WARN_NON_LITERAL_NULL_CONVERSION = YES;
				CLANG_WARN_OBJC_IMPLICIT_RETAIN_SELF = YES;
				CLANG_WARN_OBJC_LITERAL_CONVERSION = YES;
				CLANG_WARN_OBJC_ROOT_CLASS = YES_ERROR;
				CLANG_WARN_QUOTED_INCLUDE_IN_FRAMEWORK_HEADER = YES;
				CLANG_WARN_RANGE_LOOP_ANALYSIS = YES;
				CLANG_WARN_STRICT_PROTOTYPES = YES;
				CLANG_WARN_SUSPICIOUS_MOVE = YES;
				CLANG_WARN_UNGUARDED_AVAILABILITY = YES_AGGRESSIVE;
				CLANG_WARN_UNREACHABLE_CODE = YES;
				CLANG_WARN__DUPLICATE_METHOD_MATCH = YES;
				COPY_PHASE_STRIP = NO;
				DEBUG_INFORMATION_FORMAT = dwarf;
				ENABLE_STRICT_OBJC_MSGSEND = YES;
				ENABLE_TESTABILITY = YES;
				GCC_C_LANGUAGE_STANDARD = gnu11;
				GCC_DYNAMIC_NO_PIC = NO;
				GCC_NO_COMMON_BLOCKS = YES;
				GCC_OPTIMIZATION_LEVEL = 0;
				GCC_PREPROCESSOR_DEFINITIONS = (
					"DEBUG=1",
					"$(inherited)",
				);
				GCC_WARN_64_TO_32_BIT_CONVERSION = YES;
				GCC_WARN_ABOUT_RETURN_TYPE = YES_ERROR;
				GCC_WARN_UNDECLARED_SELECTOR = YES;
				GCC_WARN_UNINITIALIZED_AUTOS = YES_AGGRESSIVE;
				GCC_WARN_UNUSED_FUNCTION = YES;
				GCC_WARN_UNUSED_VARIABLE = YES;
				IPHONEOS_DEPLOYMENT_TARGET = 14.0;
				MTL_ENABLE_DEBUG_INFO = INCLUDE_SOURCE;
				MTL_FAST_MATH = YES;
				ONLY_ACTIVE_ARCH = YES;
				SDKROOT = iphoneos;
				SWIFT_ACTIVE_COMPILATION_CONDITIONS = DEBUG;
				SWIFT_OPTIMIZATION_LEVEL = "-Onone";
			};
			name = Debug;
		};
		201BFBC6276100B00058C974 /* Release */ = {
			isa = XCBuildConfiguration;
			buildSettings = {
				ALWAYS_SEARCH_USER_PATHS = NO;
				CLANG_ANALYZER_LOCALIZABILITY_NONLOCALIZED = YES;
				CLANG_ANALYZER_NONNULL = YES;
				CLANG_ANALYZER_NUMBER_OBJECT_CONVERSION = YES_AGGRESSIVE;
				CLANG_CXX_LANGUAGE_STANDARD = "gnu++17";
				CLANG_CXX_LIBRARY = "libc++";
				CLANG_ENABLE_MODULES = YES;
				CLANG_ENABLE_OBJC_ARC = YES;
				CLANG_ENABLE_OBJC_WEAK = YES;
				CLANG_WARN_BLOCK_CAPTURE_AUTORELEASING = YES;
				CLANG_WARN_BOOL_CONVERSION = YES;
				CLANG_WARN_COMMA = YES;
				CLANG_WARN_CONSTANT_CONVERSION = YES;
				CLANG_WARN_DEPRECATED_OBJC_IMPLEMENTATIONS = YES;
				CLANG_WARN_DIRECT_OBJC_ISA_USAGE = YES_ERROR;
				CLANG_WARN_DOCUMENTATION_COMMENTS = YES;
				CLANG_WARN_EMPTY_BODY = YES;
				CLANG_WARN_ENUM_CONVERSION = YES;
				CLANG_WARN_INFINITE_RECURSION = YES;
				CLANG_WARN_INT_CONVERSION = YES;
				CLANG_WARN_NON_LITERAL_NULL_CONVERSION = YES;
				CLANG_WARN_OBJC_IMPLICIT_RETAIN_SELF = YES;
				CLANG_WARN_OBJC_LITERAL_CONVERSION = YES;
				CLANG_WARN_OBJC_ROOT_CLASS = YES_ERROR;
				CLANG_WARN_QUOTED_INCLUDE_IN_FRAMEWORK_HEADER = YES;
				CLANG_WARN_RANGE_LOOP_ANALYSIS = YES;
				CLANG_WARN_STRICT_PROTOTYPES = YES;
				CLANG_WARN_SUSPICIOUS_MOVE = YES;
				CLANG_WARN_UNGUARDED_AVAILABILITY = YES_AGGRESSIVE;
				CLANG_WARN_UNREACHABLE_CODE = YES;
				CLANG_WARN__DUPLICATE_METHOD_MATCH = YES;
				COPY_PHASE_STRIP = NO;
				DEBUG_INFORMATION_FORMAT = "dwarf-with-dsym";
				ENABLE_NS_ASSERTIONS = NO;
				ENABLE_STRICT_OBJC_MSGSEND = YES;
				GCC_C_LANGUAGE_STANDARD = gnu11;
				GCC_NO_COMMON_BLOCKS = YES;
				GCC_WARN_64_TO_32_BIT_CONVERSION = YES;
				GCC_WARN_ABOUT_RETURN_TYPE = YES_ERROR;
				GCC_WARN_UNDECLARED_SELECTOR = YES;
				GCC_WARN_UNINITIALIZED_AUTOS = YES_AGGRESSIVE;
				GCC_WARN_UNUSED_FUNCTION = YES;
				GCC_WARN_UNUSED_VARIABLE = YES;
				IPHONEOS_DEPLOYMENT_TARGET = 14.0;
				MTL_ENABLE_DEBUG_INFO = NO;
				MTL_FAST_MATH = YES;
				SDKROOT = iphoneos;
				SWIFT_COMPILATION_MODE = wholemodule;
				SWIFT_OPTIMIZATION_LEVEL = "-O";
				VALIDATE_PRODUCT = YES;
			};
			name = Release;
		};
		201BFBC8276100B00058C974 /* Debug */ = {
			isa = XCBuildConfiguration;
			baseConfigurationReference = 3F819AB5AED9B6C0A2F30BAA /* Pods-CoffeeGO.debug.xcconfig */;
			buildSettings = {
				ASSETCATALOG_COMPILER_APPICON_NAME = AppIcon;
				ASSETCATALOG_COMPILER_GLOBAL_ACCENT_COLOR_NAME = AccentColor;
				CODE_SIGN_STYLE = Automatic;
				CURRENT_PROJECT_VERSION = 1;
				DEVELOPMENT_TEAM = BJUL9DNG5D;
				GENERATE_INFOPLIST_FILE = YES;
				INFOPLIST_FILE = CoffeeGO/Info.plist;
				INFOPLIST_KEY_UIApplicationSupportsIndirectInputEvents = YES;
				INFOPLIST_KEY_UILaunchStoryboardName = LaunchScreen;
				INFOPLIST_KEY_UIMainStoryboardFile = Main;
				INFOPLIST_KEY_UISupportedInterfaceOrientations_iPad = "UIInterfaceOrientationPortrait UIInterfaceOrientationPortraitUpsideDown UIInterfaceOrientationLandscapeLeft UIInterfaceOrientationLandscapeRight";
				INFOPLIST_KEY_UISupportedInterfaceOrientations_iPhone = "UIInterfaceOrientationPortrait UIInterfaceOrientationLandscapeLeft UIInterfaceOrientationLandscapeRight";
				LD_RUNPATH_SEARCH_PATHS = (
					"$(inherited)",
					"@executable_path/Frameworks",
				);
				MARKETING_VERSION = 1.0;
				PRODUCT_BUNDLE_IDENTIFIER = com.MohamedKAttar.CoffeeGO;
				PRODUCT_NAME = "$(TARGET_NAME)";
				SWIFT_EMIT_LOC_STRINGS = YES;
				SWIFT_VERSION = 5.0;
				TARGETED_DEVICE_FAMILY = 1;
			};
			name = Debug;
		};
		201BFBC9276100B00058C974 /* Release */ = {
			isa = XCBuildConfiguration;
			baseConfigurationReference = 6E16732A284D63AD0D97C614 /* Pods-CoffeeGO.release.xcconfig */;
			buildSettings = {
				ASSETCATALOG_COMPILER_APPICON_NAME = AppIcon;
				ASSETCATALOG_COMPILER_GLOBAL_ACCENT_COLOR_NAME = AccentColor;
				CODE_SIGN_STYLE = Automatic;
				CURRENT_PROJECT_VERSION = 1;
				DEVELOPMENT_TEAM = BJUL9DNG5D;
				GENERATE_INFOPLIST_FILE = YES;
				INFOPLIST_FILE = CoffeeGO/Info.plist;
				INFOPLIST_KEY_UIApplicationSupportsIndirectInputEvents = YES;
				INFOPLIST_KEY_UILaunchStoryboardName = LaunchScreen;
				INFOPLIST_KEY_UIMainStoryboardFile = Main;
				INFOPLIST_KEY_UISupportedInterfaceOrientations_iPad = "UIInterfaceOrientationPortrait UIInterfaceOrientationPortraitUpsideDown UIInterfaceOrientationLandscapeLeft UIInterfaceOrientationLandscapeRight";
				INFOPLIST_KEY_UISupportedInterfaceOrientations_iPhone = "UIInterfaceOrientationPortrait UIInterfaceOrientationLandscapeLeft UIInterfaceOrientationLandscapeRight";
				LD_RUNPATH_SEARCH_PATHS = (
					"$(inherited)",
					"@executable_path/Frameworks",
				);
				MARKETING_VERSION = 1.0;
				PRODUCT_BUNDLE_IDENTIFIER = com.MohamedKAttar.CoffeeGO;
				PRODUCT_NAME = "$(TARGET_NAME)";
				SWIFT_EMIT_LOC_STRINGS = YES;
				SWIFT_VERSION = 5.0;
				TARGETED_DEVICE_FAMILY = 1;
			};
			name = Release;
		};
		20BDBB7D27613404001D7822 /* Debug */ = {
			isa = XCBuildConfiguration;
			buildSettings = {
				BUNDLE_LOADER = "$(TEST_HOST)";
				CODE_SIGN_STYLE = Automatic;
				CURRENT_PROJECT_VERSION = 1;
				DEVELOPMENT_TEAM = BJUL9DNG5D;
				GENERATE_INFOPLIST_FILE = YES;
				IPHONEOS_DEPLOYMENT_TARGET = 15.0;
				LD_RUNPATH_SEARCH_PATHS = (
					"$(inherited)",
					"@executable_path/Frameworks",
					"@loader_path/Frameworks",
				);
				MARKETING_VERSION = 1.0;
				PRODUCT_BUNDLE_IDENTIFIER = com.MohamedKAttar.CoffeeGOTests;
				PRODUCT_NAME = "$(TARGET_NAME)";
				SWIFT_EMIT_LOC_STRINGS = NO;
				SWIFT_VERSION = 5.0;
				TARGETED_DEVICE_FAMILY = "1,2";
				TEST_HOST = "$(BUILT_PRODUCTS_DIR)/CoffeeGO.app/CoffeeGO";
			};
			name = Debug;
		};
		20BDBB7E27613404001D7822 /* Release */ = {
			isa = XCBuildConfiguration;
			buildSettings = {
				BUNDLE_LOADER = "$(TEST_HOST)";
				CODE_SIGN_STYLE = Automatic;
				CURRENT_PROJECT_VERSION = 1;
				DEVELOPMENT_TEAM = BJUL9DNG5D;
				GENERATE_INFOPLIST_FILE = YES;
				IPHONEOS_DEPLOYMENT_TARGET = 15.0;
				LD_RUNPATH_SEARCH_PATHS = (
					"$(inherited)",
					"@executable_path/Frameworks",
					"@loader_path/Frameworks",
				);
				MARKETING_VERSION = 1.0;
				PRODUCT_BUNDLE_IDENTIFIER = com.MohamedKAttar.CoffeeGOTests;
				PRODUCT_NAME = "$(TARGET_NAME)";
				SWIFT_EMIT_LOC_STRINGS = NO;
				SWIFT_VERSION = 5.0;
				TARGETED_DEVICE_FAMILY = "1,2";
				TEST_HOST = "$(BUILT_PRODUCTS_DIR)/CoffeeGO.app/CoffeeGO";
			};
			name = Release;
		};
/* End XCBuildConfiguration section */

/* Begin XCConfigurationList section */
		201BFBAE276100AC0058C974 /* Build configuration list for PBXProject "CoffeeGO" */ = {
			isa = XCConfigurationList;
			buildConfigurations = (
				201BFBC5276100B00058C974 /* Debug */,
				201BFBC6276100B00058C974 /* Release */,
			);
			defaultConfigurationIsVisible = 0;
			defaultConfigurationName = Release;
		};
		201BFBC7276100B00058C974 /* Build configuration list for PBXNativeTarget "CoffeeGO" */ = {
			isa = XCConfigurationList;
			buildConfigurations = (
				201BFBC8276100B00058C974 /* Debug */,
				201BFBC9276100B00058C974 /* Release */,
			);
			defaultConfigurationIsVisible = 0;
			defaultConfigurationName = Release;
		};
		20BDBB7C27613404001D7822 /* Build configuration list for PBXNativeTarget "CoffeeGOTests" */ = {
			isa = XCConfigurationList;
			buildConfigurations = (
				20BDBB7D27613404001D7822 /* Debug */,
				20BDBB7E27613404001D7822 /* Release */,
			);
			defaultConfigurationIsVisible = 0;
			defaultConfigurationName = Release;
		};
/* End XCConfigurationList section */
	};
	rootObject = 201BFBAB276100AC0058C974 /* Project object */;
}
